{
  "name": "StudyNotion-megaProject",
  "lockfileVersion": 3,
  "requires": true,
  "packages": {
    "": {
      "dependencies": {
        "generate-otp": "^1.0.6"
      }
    },
    "node_modules/generate-otp": {
      "version": "1.0.6",
      "resolved": "https://registry.npmjs.org/generate-otp/-/generate-otp-1.0.6.tgz",
      "integrity": "sha512-5sV/sFLbGQ6qxNCiqXasSkA+bsUsaFxVrg84VVe3qVUzulRhE5kZPXEKLNXZSMzV9zKbTnnMlHkfuLxt8HYEZQ==",
      "license": "ISC"
    }
  }
}
